// !$*UTF8*$!
{
	archiveVersion = 1;
	classes = {
	};
	objectVersion = 46;
	objects = {

/* Begin PBXBuildFile section */
		160D9B0B1E0B5C0D00801627 /* AppDelegate.swift in Sources */ = {isa = PBXBuildFile; fileRef = 160D9B0A1E0B5C0D00801627 /* AppDelegate.swift */; };
		160D9B121E0B5C0D00801627 /* Assets.xcassets in Resources */ = {isa = PBXBuildFile; fileRef = 160D9B111E0B5C0D00801627 /* Assets.xcassets */; };
		160D9B201E0B5C0D00801627 /* C7FITTests.swift in Sources */ = {isa = PBXBuildFile; fileRef = 160D9B1F1E0B5C0D00801627 /* C7FITTests.swift */; };
		160D9B2B1E0B5C0D00801627 /* C7FITUITests.swift in Sources */ = {isa = PBXBuildFile; fileRef = 160D9B2A1E0B5C0D00801627 /* C7FITUITests.swift */; };
		160D9B781E0B80DE00801627 /* HomeViewController.swift in Sources */ = {isa = PBXBuildFile; fileRef = 160D9B771E0B80DE00801627 /* HomeViewController.swift */; };
		160D9B7A1E0B88EE00801627 /* HomeView.swift in Sources */ = {isa = PBXBuildFile; fileRef = 160D9B791E0B88EE00801627 /* HomeView.swift */; };
		160D9B7C1E0BF4CC00801627 /* ScheduleViewController.swift in Sources */ = {isa = PBXBuildFile; fileRef = 160D9B7B1E0BF4CC00801627 /* ScheduleViewController.swift */; };
		160D9B7E1E0BF5DC00801627 /* ScheduleView.swift in Sources */ = {isa = PBXBuildFile; fileRef = 160D9B7D1E0BF5DC00801627 /* ScheduleView.swift */; };
		160D9B801E0BF91400801627 /* StoreViewController.swift in Sources */ = {isa = PBXBuildFile; fileRef = 160D9B7F1E0BF91400801627 /* StoreViewController.swift */; };
		160D9B841E0BFA4500801627 /* ActivityView.swift in Sources */ = {isa = PBXBuildFile; fileRef = 160D9B831E0BFA4500801627 /* ActivityView.swift */; };
		160D9B881E0BFA6A00801627 /* ActivityViewController.swift in Sources */ = {isa = PBXBuildFile; fileRef = 160D9B871E0BFA6A00801627 /* ActivityViewController.swift */; };
		160D9B8A1E0BFA7A00801627 /* ProfileViewController.swift in Sources */ = {isa = PBXBuildFile; fileRef = 160D9B891E0BFA7A00801627 /* ProfileViewController.swift */; };
		161B933F1E9ACAF500F397C5 /* ProfilePickerDelegate.swift in Sources */ = {isa = PBXBuildFile; fileRef = 161B933E1E9ACAF500F397C5 /* ProfilePickerDelegate.swift */; };
		161B93411E9AD48100F397C5 /* ProfileImagePickerDelegate.swift in Sources */ = {isa = PBXBuildFile; fileRef = 161B93401E9AD48100F397C5 /* ProfileImagePickerDelegate.swift */; };
		16227F6D1E9A4785008A2FE4 /* ProfilePickerDataSource.swift in Sources */ = {isa = PBXBuildFile; fileRef = 16227F6C1E9A4785008A2FE4 /* ProfilePickerDataSource.swift */; };
		1626F8351E62B204002E2A9B /* CategoryCellController.swift in Sources */ = {isa = PBXBuildFile; fileRef = 1626F8341E62B204002E2A9B /* CategoryCellController.swift */; };
		1626F8371E62BD1A002E2A9B /* eBayDataManager.swift in Sources */ = {isa = PBXBuildFile; fileRef = 1626F8361E62BD1A002E2A9B /* eBayDataManager.swift */; };
		163771541E398E2B000B3E87 /* FirebaseDataManager.swift in Sources */ = {isa = PBXBuildFile; fileRef = 163771531E398E2B000B3E87 /* FirebaseDataManager.swift */; };
		163DFC101E41A43A00593CF9 /* AbstractHealthCell.swift in Sources */ = {isa = PBXBuildFile; fileRef = 163DFC0F1E41A43A00593CF9 /* AbstractHealthCell.swift */; };
		16461B341E7F40A1003A8723 /* ItemHeaderCellController.swift in Sources */ = {isa = PBXBuildFile; fileRef = 16461B331E7F40A1003A8723 /* ItemHeaderCellController.swift */; };
		16461B361E7F435E003A8723 /* ItemHeaderCell.swift in Sources */ = {isa = PBXBuildFile; fileRef = 16461B351E7F435E003A8723 /* ItemHeaderCell.swift */; };
		16461B381E7F4AF2003A8723 /* ItemImageCell.swift in Sources */ = {isa = PBXBuildFile; fileRef = 16461B371E7F4AF2003A8723 /* ItemImageCell.swift */; };
		164BAAAA1E36E5BA00DE4C71 /* LoginViewController.swift in Sources */ = {isa = PBXBuildFile; fileRef = 164BAAA91E36E5BA00DE4C71 /* LoginViewController.swift */; };
		164BAAAC1E36E5D900DE4C71 /* LoginView.swift in Sources */ = {isa = PBXBuildFile; fileRef = 164BAAAB1E36E5D900DE4C71 /* LoginView.swift */; };
		16576F171E1295C300BF622D /* String+Conversions.swift in Sources */ = {isa = PBXBuildFile; fileRef = 16576F161E1295C300BF622D /* String+Conversions.swift */; };
		1658B9DE1E0F9EFD009D4F67 /* ProfileViewModel.swift in Sources */ = {isa = PBXBuildFile; fileRef = 1658B9DD1E0F9EFD009D4F67 /* ProfileViewModel.swift */; };
		16594B361E6C5B350032AD26 /* eBayItem.swift in Sources */ = {isa = PBXBuildFile; fileRef = 16594B351E6C5B350032AD26 /* eBayItem.swift */; };
		1694BE1C1E71330F004E2E7D /* C7FUIImageView.swift in Sources */ = {isa = PBXBuildFile; fileRef = 1694BE1B1E71330F004E2E7D /* C7FUIImageView.swift */; };
		1699EB331E80BBEE008171AF /* ItemInfoCell.swift in Sources */ = {isa = PBXBuildFile; fileRef = 1699EB321E80BBEE008171AF /* ItemInfoCell.swift */; };
		16BEB6C61E72966A001BE973 /* eBayAPIToken.swift in Sources */ = {isa = PBXBuildFile; fileRef = 16BEB6C51E72966A001BE973 /* eBayAPIToken.swift */; };
		16BEB6C81E72AE20001BE973 /* ItemDetailController.swift in Sources */ = {isa = PBXBuildFile; fileRef = 16BEB6C71E72AE20001BE973 /* ItemDetailController.swift */; };
		16BEBE521E6FB4E10034D422 /* eBayItemCategory.swift in Sources */ = {isa = PBXBuildFile; fileRef = 16BEBE511E6FB4E10034D422 /* eBayItemCategory.swift */; };
		16BEBE541E6FEE050034D422 /* CategoryCell.swift in Sources */ = {isa = PBXBuildFile; fileRef = 16BEBE531E6FEE050034D422 /* CategoryCell.swift */; };
		16BFBBB41E6A7C7A001D088A /* eBayItemCell.swift in Sources */ = {isa = PBXBuildFile; fileRef = 16BFBBB31E6A7C7A001D088A /* eBayItemCell.swift */; };
		16D2D2EA1E38020300F6AA9F /* ProfileHeaderView.swift in Sources */ = {isa = PBXBuildFile; fileRef = 16D2D2E91E38020300F6AA9F /* ProfileHeaderView.swift */; };
		16D2D2EC1E38638600F6AA9F /* CircularImageView.swift in Sources */ = {isa = PBXBuildFile; fileRef = 16D2D2EB1E38638600F6AA9F /* CircularImageView.swift */; };
		16D2D2EE1E3874F800F6AA9F /* LogoutTableViewCell.swift in Sources */ = {isa = PBXBuildFile; fileRef = 16D2D2ED1E3874F800F6AA9F /* LogoutTableViewCell.swift */; };
		16FFF43A1E345748009B4F34 /* GoogleService-Info.plist in Resources */ = {isa = PBXBuildFile; fileRef = 16FFF4391E345748009B4F34 /* GoogleService-Info.plist */; };
		16FFF43D1E3459C2009B4F34 /* User.swift in Sources */ = {isa = PBXBuildFile; fileRef = 16FFF43C1E3459C2009B4F34 /* User.swift */; };
		7A1CD7A81E6400E600953698 /* MapKit.framework in Frameworks */ = {isa = PBXBuildFile; fileRef = 7A1CD7A71E6400E600953698 /* MapKit.framework */; };
		7A76993A1E3962E90086519A /* ScheduleBrowserTableViewCell.swift in Sources */ = {isa = PBXBuildFile; fileRef = 7A7699391E3962E90086519A /* ScheduleBrowserTableViewCell.swift */; };
		7A76A7A41E6F66A100C7D8F2 /* StartStopCell.swift in Sources */ = {isa = PBXBuildFile; fileRef = 7A76A7A31E6F66A100C7D8F2 /* StartStopCell.swift */; };
		7A76A7A61E6F66DA00C7D8F2 /* MapCell.swift in Sources */ = {isa = PBXBuildFile; fileRef = 7A76A7A51E6F66DA00C7D8F2 /* MapCell.swift */; };
		7A76A7A81E6F66FD00C7D8F2 /* RunDetailCell.swift in Sources */ = {isa = PBXBuildFile; fileRef = 7A76A7A71E6F66FD00C7D8F2 /* RunDetailCell.swift */; };
		7A76A7AA1E6F6DD200C7D8F2 /* MapTableViewController.swift in Sources */ = {isa = PBXBuildFile; fileRef = 7A76A7A91E6F6DD200C7D8F2 /* MapTableViewController.swift */; };
		7A76A7AC1E6F914A00C7D8F2 /* MapDetailTableViewController.swift in Sources */ = {isa = PBXBuildFile; fileRef = 7A76A7AB1E6F914A00C7D8F2 /* MapDetailTableViewController.swift */; };
		7A838C511E96F497003BE65F /* WatchTimerCell.swift in Sources */ = {isa = PBXBuildFile; fileRef = 7A838C4F1E96F497003BE65F /* WatchTimerCell.swift */; };
		7A838C521E96F497003BE65F /* WatchButtonCell.swift in Sources */ = {isa = PBXBuildFile; fileRef = 7A838C501E96F497003BE65F /* WatchButtonCell.swift */; };
		7A838C541E96F4AA003BE65F /* StopWatchTableViewController.swift in Sources */ = {isa = PBXBuildFile; fileRef = 7A838C531E96F4AA003BE65F /* StopWatchTableViewController.swift */; };
		7A838C581E96FA04003BE65F /* TimePickerCell.swift in Sources */ = {isa = PBXBuildFile; fileRef = 7A838C571E96FA04003BE65F /* TimePickerCell.swift */; };
		7A8B9D301E52751500B88316 /* MapTableViewCell.swift in Sources */ = {isa = PBXBuildFile; fileRef = 7A8B9D2F1E52751500B88316 /* MapTableViewCell.swift */; };
		7A8B9D321E52752200B88316 /* WatchTableViewCell.swift in Sources */ = {isa = PBXBuildFile; fileRef = 7A8B9D311E52752200B88316 /* WatchTableViewCell.swift */; };
		7A8B9D341E52752D00B88316 /* CountTableViewCell.swift in Sources */ = {isa = PBXBuildFile; fileRef = 7A8B9D331E52752D00B88316 /* CountTableViewCell.swift */; };
		7A8B9D361E52753800B88316 /* HeartRateTableViewCell.swift in Sources */ = {isa = PBXBuildFile; fileRef = 7A8B9D351E52753800B88316 /* HeartRateTableViewCell.swift */; };
		7A9CBE331E8E35A800AF1F25 /* HealthInfoCell.swift in Sources */ = {isa = PBXBuildFile; fileRef = 7A9CBE321E8E35A800AF1F25 /* HealthInfoCell.swift */; };
		7A9CBE381E8E368700AF1F25 /* HealthKitTableViewController.swift in Sources */ = {isa = PBXBuildFile; fileRef = 7A9CBE371E8E368700AF1F25 /* HealthKitTableViewController.swift */; };
		7A9CBE3A1E8E3A9C00AF1F25 /* HealthKitTableViewCell.swift in Sources */ = {isa = PBXBuildFile; fileRef = 7A9CBE391E8E3A9C00AF1F25 /* HealthKitTableViewCell.swift */; };
		7AAB23641E4297BA00AD7040 /* ScheduleBioTableViewCell.swift in Sources */ = {isa = PBXBuildFile; fileRef = 7AAB23631E4297BA00AD7040 /* ScheduleBioTableViewCell.swift */; };
		7AAB23661E4298BB00AD7040 /* ScheduleContactTableViewCell.swift in Sources */ = {isa = PBXBuildFile; fileRef = 7AAB23651E4298BB00AD7040 /* ScheduleContactTableViewCell.swift */; };
		7AB9EFA61E6DEF09000C20C6 /* RunListCell.swift in Sources */ = {isa = PBXBuildFile; fileRef = 7AB9EFA51E6DEF09000C20C6 /* RunListCell.swift */; };
		7AB9EFAA1E6DEF3A000C20C6 /* RunListTableViewController.swift in Sources */ = {isa = PBXBuildFile; fileRef = 7AB9EFA91E6DEF3A000C20C6 /* RunListTableViewController.swift */; };
		7AD3DEF21E5ED7CF001580CC /* RunData.swift in Sources */ = {isa = PBXBuildFile; fileRef = 7AD3DEF11E5ED7CF001580CC /* RunData.swift */; };
		7AD3DEF41E5ED860001580CC /* LocationData.swift in Sources */ = {isa = PBXBuildFile; fileRef = 7AD3DEF31E5ED860001580CC /* LocationData.swift */; };
		7AECE6D21E70BE7400423D82 /* TimerCell.swift in Sources */ = {isa = PBXBuildFile; fileRef = 7AECE6D11E70BE7400423D82 /* TimerCell.swift */; };
		7AF7BBF41E5460860059A62A /* HealthKit.swift in Sources */ = {isa = PBXBuildFile; fileRef = 7AF7BBF31E5460860059A62A /* HealthKit.swift */; };
		7AF7BBF61E5464250059A62A /* WatchView.swift in Sources */ = {isa = PBXBuildFile; fileRef = 7AF7BBF51E5464250059A62A /* WatchView.swift */; };
		7AF7BBF81E5464310059A62A /* CountView.swift in Sources */ = {isa = PBXBuildFile; fileRef = 7AF7BBF71E5464310059A62A /* CountView.swift */; };
		7AF7BBFA1E54643E0059A62A /* HeartRateView.swift in Sources */ = {isa = PBXBuildFile; fileRef = 7AF7BBF91E54643E0059A62A /* HeartRateView.swift */; };
		7AF7BC021E5467B90059A62A /* CountViewController.swift in Sources */ = {isa = PBXBuildFile; fileRef = 7AF7BC011E5467B90059A62A /* CountViewController.swift */; };
		7AF7BC041E5467C10059A62A /* HeartRateViewController.swift in Sources */ = {isa = PBXBuildFile; fileRef = 7AF7BC031E5467C10059A62A /* HeartRateViewController.swift */; };
		7AF7BC061E54EDDE0059A62A /* HealthKit.framework in Frameworks */ = {isa = PBXBuildFile; fileRef = 7AF7BC051E54EDDE0059A62A /* HealthKit.framework */; };
		7AF7BC081E54EF5C0059A62A /* HealthKitManager.swift in Sources */ = {isa = PBXBuildFile; fileRef = 7AF7BC071E54EF5C0059A62A /* HealthKitManager.swift */; };
		8DDE8CB2A52DA4DDF6CE47C9 /* Pods_C7FITTests.framework in Frameworks */ = {isa = PBXBuildFile; fileRef = A26E7A8DB5013E286D061DA4 /* Pods_C7FITTests.framework */; };
		AC087E321EB03AD500921352 /* MotivationalQuoteCollectionViewCell.swift in Sources */ = {isa = PBXBuildFile; fileRef = AC087E311EB03AD500921352 /* MotivationalQuoteCollectionViewCell.swift */; };
		AC7D4A981EA3F76500230C94 /* TrainersCollectionViewCell.swift in Sources */ = {isa = PBXBuildFile; fileRef = AC7D4A971EA3F76500230C94 /* TrainersCollectionViewCell.swift */; };
		AC7D4A9B1EA3FE4B00230C94 /* TrainersViewController.swift in Sources */ = {isa = PBXBuildFile; fileRef = AC7D4A9A1EA3FE4B00230C94 /* TrainersViewController.swift */; };
		AC7D4A9D1EA3FF1300230C94 /* Trainer.swift in Sources */ = {isa = PBXBuildFile; fileRef = AC7D4A9C1EA3FF1300230C94 /* Trainer.swift */; };
		AC7D4A9F1EA400A700230C94 /* TrainerCollectionViewCell.swift in Sources */ = {isa = PBXBuildFile; fileRef = AC7D4A9E1EA400A700230C94 /* TrainerCollectionViewCell.swift */; };
		AC96A66D1E96BF9C00B503AD /* YouTubeCollectionViewCell.swift in Sources */ = {isa = PBXBuildFile; fileRef = AC96A66C1E96BF9C00B503AD /* YouTubeCollectionViewCell.swift */; };
		DC0EF005D0A9CB5AD7082EE2 /* Pods_C7FIT.framework in Frameworks */ = {isa = PBXBuildFile; fileRef = 53076A0C8FE5245144D9ECCE /* Pods_C7FIT.framework */; };
/* End PBXBuildFile section */

/* Begin PBXContainerItemProxy section */
		160D9B1C1E0B5C0D00801627 /* PBXContainerItemProxy */ = {
			isa = PBXContainerItemProxy;
			containerPortal = 160D9AFF1E0B5C0D00801627 /* Project object */;
			proxyType = 1;
			remoteGlobalIDString = 160D9B061E0B5C0D00801627;
			remoteInfo = C7FIT;
		};
		160D9B271E0B5C0D00801627 /* PBXContainerItemProxy */ = {
			isa = PBXContainerItemProxy;
			containerPortal = 160D9AFF1E0B5C0D00801627 /* Project object */;
			proxyType = 1;
			remoteGlobalIDString = 160D9B061E0B5C0D00801627;
			remoteInfo = C7FIT;
		};
/* End PBXContainerItemProxy section */

/* Begin PBXFileReference section */
		160D9B071E0B5C0D00801627 /* C7FIT.app */ = {isa = PBXFileReference; explicitFileType = wrapper.application; includeInIndex = 0; path = C7FIT.app; sourceTree = BUILT_PRODUCTS_DIR; };
		160D9B0A1E0B5C0D00801627 /* AppDelegate.swift */ = {isa = PBXFileReference; lastKnownFileType = sourcecode.swift; path = AppDelegate.swift; sourceTree = "<group>"; };
		160D9B111E0B5C0D00801627 /* Assets.xcassets */ = {isa = PBXFileReference; lastKnownFileType = folder.assetcatalog; path = Assets.xcassets; sourceTree = "<group>"; };
		160D9B161E0B5C0D00801627 /* Info.plist */ = {isa = PBXFileReference; lastKnownFileType = text.plist.xml; path = Info.plist; sourceTree = "<group>"; };
		160D9B1B1E0B5C0D00801627 /* C7FITTests.xctest */ = {isa = PBXFileReference; explicitFileType = wrapper.cfbundle; includeInIndex = 0; path = C7FITTests.xctest; sourceTree = BUILT_PRODUCTS_DIR; };
		160D9B1F1E0B5C0D00801627 /* C7FITTests.swift */ = {isa = PBXFileReference; lastKnownFileType = sourcecode.swift; path = C7FITTests.swift; sourceTree = "<group>"; };
		160D9B211E0B5C0D00801627 /* Info.plist */ = {isa = PBXFileReference; lastKnownFileType = text.plist.xml; path = Info.plist; sourceTree = "<group>"; };
		160D9B261E0B5C0D00801627 /* C7FITUITests.xctest */ = {isa = PBXFileReference; explicitFileType = wrapper.cfbundle; includeInIndex = 0; path = C7FITUITests.xctest; sourceTree = BUILT_PRODUCTS_DIR; };
		160D9B2A1E0B5C0D00801627 /* C7FITUITests.swift */ = {isa = PBXFileReference; lastKnownFileType = sourcecode.swift; path = C7FITUITests.swift; sourceTree = "<group>"; };
		160D9B2C1E0B5C0D00801627 /* Info.plist */ = {isa = PBXFileReference; lastKnownFileType = text.plist.xml; path = Info.plist; sourceTree = "<group>"; };
		160D9B771E0B80DE00801627 /* HomeViewController.swift */ = {isa = PBXFileReference; fileEncoding = 4; lastKnownFileType = sourcecode.swift; path = HomeViewController.swift; sourceTree = "<group>"; };
		160D9B791E0B88EE00801627 /* HomeView.swift */ = {isa = PBXFileReference; fileEncoding = 4; lastKnownFileType = sourcecode.swift; path = HomeView.swift; sourceTree = "<group>"; };
		160D9B7B1E0BF4CC00801627 /* ScheduleViewController.swift */ = {isa = PBXFileReference; fileEncoding = 4; lastKnownFileType = sourcecode.swift; path = ScheduleViewController.swift; sourceTree = "<group>"; };
		160D9B7D1E0BF5DC00801627 /* ScheduleView.swift */ = {isa = PBXFileReference; fileEncoding = 4; lastKnownFileType = sourcecode.swift; path = ScheduleView.swift; sourceTree = "<group>"; };
		160D9B7F1E0BF91400801627 /* StoreViewController.swift */ = {isa = PBXFileReference; fileEncoding = 4; lastKnownFileType = sourcecode.swift; path = StoreViewController.swift; sourceTree = "<group>"; };
		160D9B831E0BFA4500801627 /* ActivityView.swift */ = {isa = PBXFileReference; fileEncoding = 4; lastKnownFileType = sourcecode.swift; path = ActivityView.swift; sourceTree = "<group>"; };
		160D9B871E0BFA6A00801627 /* ActivityViewController.swift */ = {isa = PBXFileReference; fileEncoding = 4; lastKnownFileType = sourcecode.swift; path = ActivityViewController.swift; sourceTree = "<group>"; };
		160D9B891E0BFA7A00801627 /* ProfileViewController.swift */ = {isa = PBXFileReference; fileEncoding = 4; lastKnownFileType = sourcecode.swift; path = ProfileViewController.swift; sourceTree = "<group>"; };
		161B933E1E9ACAF500F397C5 /* ProfilePickerDelegate.swift */ = {isa = PBXFileReference; fileEncoding = 4; lastKnownFileType = sourcecode.swift; path = ProfilePickerDelegate.swift; sourceTree = "<group>"; };
		161B93401E9AD48100F397C5 /* ProfileImagePickerDelegate.swift */ = {isa = PBXFileReference; fileEncoding = 4; lastKnownFileType = sourcecode.swift; path = ProfileImagePickerDelegate.swift; sourceTree = "<group>"; };
		16227F6C1E9A4785008A2FE4 /* ProfilePickerDataSource.swift */ = {isa = PBXFileReference; fileEncoding = 4; lastKnownFileType = sourcecode.swift; path = ProfilePickerDataSource.swift; sourceTree = "<group>"; };
		1626F8341E62B204002E2A9B /* CategoryCellController.swift */ = {isa = PBXFileReference; fileEncoding = 4; lastKnownFileType = sourcecode.swift; path = CategoryCellController.swift; sourceTree = "<group>"; };
		1626F8361E62BD1A002E2A9B /* eBayDataManager.swift */ = {isa = PBXFileReference; fileEncoding = 4; lastKnownFileType = sourcecode.swift; path = eBayDataManager.swift; sourceTree = "<group>"; };
		163771531E398E2B000B3E87 /* FirebaseDataManager.swift */ = {isa = PBXFileReference; fileEncoding = 4; lastKnownFileType = sourcecode.swift; path = FirebaseDataManager.swift; sourceTree = "<group>"; };
		163DFC0F1E41A43A00593CF9 /* AbstractHealthCell.swift */ = {isa = PBXFileReference; fileEncoding = 4; lastKnownFileType = sourcecode.swift; path = AbstractHealthCell.swift; sourceTree = "<group>"; };
		16461B331E7F40A1003A8723 /* ItemHeaderCellController.swift */ = {isa = PBXFileReference; fileEncoding = 4; lastKnownFileType = sourcecode.swift; path = ItemHeaderCellController.swift; sourceTree = "<group>"; };
		16461B351E7F435E003A8723 /* ItemHeaderCell.swift */ = {isa = PBXFileReference; fileEncoding = 4; lastKnownFileType = sourcecode.swift; path = ItemHeaderCell.swift; sourceTree = "<group>"; };
		16461B371E7F4AF2003A8723 /* ItemImageCell.swift */ = {isa = PBXFileReference; fileEncoding = 4; lastKnownFileType = sourcecode.swift; path = ItemImageCell.swift; sourceTree = "<group>"; };
		164BAAA91E36E5BA00DE4C71 /* LoginViewController.swift */ = {isa = PBXFileReference; fileEncoding = 4; lastKnownFileType = sourcecode.swift; path = LoginViewController.swift; sourceTree = "<group>"; };
		164BAAAB1E36E5D900DE4C71 /* LoginView.swift */ = {isa = PBXFileReference; fileEncoding = 4; lastKnownFileType = sourcecode.swift; path = LoginView.swift; sourceTree = "<group>"; };
		16576F161E1295C300BF622D /* String+Conversions.swift */ = {isa = PBXFileReference; fileEncoding = 4; lastKnownFileType = sourcecode.swift; path = "String+Conversions.swift"; sourceTree = "<group>"; };
		1658B9DD1E0F9EFD009D4F67 /* ProfileViewModel.swift */ = {isa = PBXFileReference; fileEncoding = 4; lastKnownFileType = sourcecode.swift; path = ProfileViewModel.swift; sourceTree = "<group>"; };
		16594B351E6C5B350032AD26 /* eBayItem.swift */ = {isa = PBXFileReference; fileEncoding = 4; lastKnownFileType = sourcecode.swift; path = eBayItem.swift; sourceTree = "<group>"; };
		1694BE1B1E71330F004E2E7D /* C7FUIImageView.swift */ = {isa = PBXFileReference; fileEncoding = 4; lastKnownFileType = sourcecode.swift; path = C7FUIImageView.swift; sourceTree = "<group>"; };
		1699EB321E80BBEE008171AF /* ItemInfoCell.swift */ = {isa = PBXFileReference; fileEncoding = 4; lastKnownFileType = sourcecode.swift; path = ItemInfoCell.swift; sourceTree = "<group>"; };
		16BEB6C51E72966A001BE973 /* eBayAPIToken.swift */ = {isa = PBXFileReference; fileEncoding = 4; lastKnownFileType = sourcecode.swift; path = eBayAPIToken.swift; sourceTree = "<group>"; };
		16BEB6C71E72AE20001BE973 /* ItemDetailController.swift */ = {isa = PBXFileReference; fileEncoding = 4; lastKnownFileType = sourcecode.swift; path = ItemDetailController.swift; sourceTree = "<group>"; };
		16BEBE511E6FB4E10034D422 /* eBayItemCategory.swift */ = {isa = PBXFileReference; fileEncoding = 4; lastKnownFileType = sourcecode.swift; path = eBayItemCategory.swift; sourceTree = "<group>"; };
		16BEBE531E6FEE050034D422 /* CategoryCell.swift */ = {isa = PBXFileReference; fileEncoding = 4; lastKnownFileType = sourcecode.swift; path = CategoryCell.swift; sourceTree = "<group>"; };
		16BFBBB31E6A7C7A001D088A /* eBayItemCell.swift */ = {isa = PBXFileReference; fileEncoding = 4; lastKnownFileType = sourcecode.swift; path = eBayItemCell.swift; sourceTree = "<group>"; };
		16D2D2E91E38020300F6AA9F /* ProfileHeaderView.swift */ = {isa = PBXFileReference; fileEncoding = 4; lastKnownFileType = sourcecode.swift; path = ProfileHeaderView.swift; sourceTree = "<group>"; };
		16D2D2EB1E38638600F6AA9F /* CircularImageView.swift */ = {isa = PBXFileReference; fileEncoding = 4; lastKnownFileType = sourcecode.swift; path = CircularImageView.swift; sourceTree = "<group>"; };
		16D2D2ED1E3874F800F6AA9F /* LogoutTableViewCell.swift */ = {isa = PBXFileReference; fileEncoding = 4; lastKnownFileType = sourcecode.swift; path = LogoutTableViewCell.swift; sourceTree = "<group>"; };
		16FFF4391E345748009B4F34 /* GoogleService-Info.plist */ = {isa = PBXFileReference; fileEncoding = 4; lastKnownFileType = text.plist.xml; path = "GoogleService-Info.plist"; sourceTree = "<group>"; };
		16FFF43C1E3459C2009B4F34 /* User.swift */ = {isa = PBXFileReference; fileEncoding = 4; lastKnownFileType = sourcecode.swift; path = User.swift; sourceTree = "<group>"; };
		16FFF43E1E345F17009B4F34 /* C7FIT.entitlements */ = {isa = PBXFileReference; lastKnownFileType = text.plist.entitlements; path = C7FIT.entitlements; sourceTree = "<group>"; };
		53076A0C8FE5245144D9ECCE /* Pods_C7FIT.framework */ = {isa = PBXFileReference; explicitFileType = wrapper.framework; includeInIndex = 0; path = Pods_C7FIT.framework; sourceTree = BUILT_PRODUCTS_DIR; };
		6F1638978FFA2B1F2F25C7A2 /* Pods-C7FITTests.debug.xcconfig */ = {isa = PBXFileReference; includeInIndex = 1; lastKnownFileType = text.xcconfig; name = "Pods-C7FITTests.debug.xcconfig"; path = "Pods/Target Support Files/Pods-C7FITTests/Pods-C7FITTests.debug.xcconfig"; sourceTree = "<group>"; };
		7A1CD7A71E6400E600953698 /* MapKit.framework */ = {isa = PBXFileReference; lastKnownFileType = wrapper.framework; name = MapKit.framework; path = System/Library/Frameworks/MapKit.framework; sourceTree = SDKROOT; };
		7A7699391E3962E90086519A /* ScheduleBrowserTableViewCell.swift */ = {isa = PBXFileReference; fileEncoding = 4; lastKnownFileType = sourcecode.swift; path = ScheduleBrowserTableViewCell.swift; sourceTree = "<group>"; };
		7A76A7A31E6F66A100C7D8F2 /* StartStopCell.swift */ = {isa = PBXFileReference; fileEncoding = 4; lastKnownFileType = sourcecode.swift; path = StartStopCell.swift; sourceTree = "<group>"; };
		7A76A7A51E6F66DA00C7D8F2 /* MapCell.swift */ = {isa = PBXFileReference; fileEncoding = 4; lastKnownFileType = sourcecode.swift; path = MapCell.swift; sourceTree = "<group>"; };
		7A76A7A71E6F66FD00C7D8F2 /* RunDetailCell.swift */ = {isa = PBXFileReference; fileEncoding = 4; lastKnownFileType = sourcecode.swift; path = RunDetailCell.swift; sourceTree = "<group>"; };
		7A76A7A91E6F6DD200C7D8F2 /* MapTableViewController.swift */ = {isa = PBXFileReference; fileEncoding = 4; lastKnownFileType = sourcecode.swift; path = MapTableViewController.swift; sourceTree = "<group>"; };
		7A76A7AB1E6F914A00C7D8F2 /* MapDetailTableViewController.swift */ = {isa = PBXFileReference; fileEncoding = 4; lastKnownFileType = sourcecode.swift; path = MapDetailTableViewController.swift; sourceTree = "<group>"; };
		7A838C4F1E96F497003BE65F /* WatchTimerCell.swift */ = {isa = PBXFileReference; fileEncoding = 4; lastKnownFileType = sourcecode.swift; path = WatchTimerCell.swift; sourceTree = "<group>"; };
		7A838C501E96F497003BE65F /* WatchButtonCell.swift */ = {isa = PBXFileReference; fileEncoding = 4; lastKnownFileType = sourcecode.swift; path = WatchButtonCell.swift; sourceTree = "<group>"; };
		7A838C531E96F4AA003BE65F /* StopWatchTableViewController.swift */ = {isa = PBXFileReference; fileEncoding = 4; lastKnownFileType = sourcecode.swift; path = StopWatchTableViewController.swift; sourceTree = "<group>"; };
		7A838C571E96FA04003BE65F /* TimePickerCell.swift */ = {isa = PBXFileReference; fileEncoding = 4; lastKnownFileType = sourcecode.swift; path = TimePickerCell.swift; sourceTree = "<group>"; };
		7A8B9D2F1E52751500B88316 /* MapTableViewCell.swift */ = {isa = PBXFileReference; fileEncoding = 4; lastKnownFileType = sourcecode.swift; path = MapTableViewCell.swift; sourceTree = "<group>"; };
		7A8B9D311E52752200B88316 /* WatchTableViewCell.swift */ = {isa = PBXFileReference; fileEncoding = 4; lastKnownFileType = sourcecode.swift; path = WatchTableViewCell.swift; sourceTree = "<group>"; };
		7A8B9D331E52752D00B88316 /* CountTableViewCell.swift */ = {isa = PBXFileReference; fileEncoding = 4; lastKnownFileType = sourcecode.swift; path = CountTableViewCell.swift; sourceTree = "<group>"; };
		7A8B9D351E52753800B88316 /* HeartRateTableViewCell.swift */ = {isa = PBXFileReference; fileEncoding = 4; lastKnownFileType = sourcecode.swift; path = HeartRateTableViewCell.swift; sourceTree = "<group>"; };
		7A9CBE321E8E35A800AF1F25 /* HealthInfoCell.swift */ = {isa = PBXFileReference; fileEncoding = 4; lastKnownFileType = sourcecode.swift; path = HealthInfoCell.swift; sourceTree = "<group>"; };
		7A9CBE371E8E368700AF1F25 /* HealthKitTableViewController.swift */ = {isa = PBXFileReference; fileEncoding = 4; lastKnownFileType = sourcecode.swift; path = HealthKitTableViewController.swift; sourceTree = "<group>"; };
		7A9CBE391E8E3A9C00AF1F25 /* HealthKitTableViewCell.swift */ = {isa = PBXFileReference; fileEncoding = 4; lastKnownFileType = sourcecode.swift; path = HealthKitTableViewCell.swift; sourceTree = "<group>"; };
		7AAB23631E4297BA00AD7040 /* ScheduleBioTableViewCell.swift */ = {isa = PBXFileReference; fileEncoding = 4; lastKnownFileType = sourcecode.swift; path = ScheduleBioTableViewCell.swift; sourceTree = "<group>"; };
		7AAB23651E4298BB00AD7040 /* ScheduleContactTableViewCell.swift */ = {isa = PBXFileReference; fileEncoding = 4; lastKnownFileType = sourcecode.swift; path = ScheduleContactTableViewCell.swift; sourceTree = "<group>"; };
		7AB9EFA51E6DEF09000C20C6 /* RunListCell.swift */ = {isa = PBXFileReference; fileEncoding = 4; lastKnownFileType = sourcecode.swift; path = RunListCell.swift; sourceTree = "<group>"; };
		7AB9EFA91E6DEF3A000C20C6 /* RunListTableViewController.swift */ = {isa = PBXFileReference; fileEncoding = 4; lastKnownFileType = sourcecode.swift; path = RunListTableViewController.swift; sourceTree = "<group>"; };
		7AD3DEF11E5ED7CF001580CC /* RunData.swift */ = {isa = PBXFileReference; fileEncoding = 4; lastKnownFileType = sourcecode.swift; path = RunData.swift; sourceTree = "<group>"; };
		7AD3DEF31E5ED860001580CC /* LocationData.swift */ = {isa = PBXFileReference; fileEncoding = 4; lastKnownFileType = sourcecode.swift; path = LocationData.swift; sourceTree = "<group>"; };
		7AECE6D11E70BE7400423D82 /* TimerCell.swift */ = {isa = PBXFileReference; fileEncoding = 4; lastKnownFileType = sourcecode.swift; path = TimerCell.swift; sourceTree = "<group>"; };
		7AF7BBF31E5460860059A62A /* HealthKit.swift */ = {isa = PBXFileReference; fileEncoding = 4; lastKnownFileType = sourcecode.swift; path = HealthKit.swift; sourceTree = "<group>"; };
		7AF7BBF51E5464250059A62A /* WatchView.swift */ = {isa = PBXFileReference; fileEncoding = 4; lastKnownFileType = sourcecode.swift; path = WatchView.swift; sourceTree = "<group>"; };
		7AF7BBF71E5464310059A62A /* CountView.swift */ = {isa = PBXFileReference; fileEncoding = 4; lastKnownFileType = sourcecode.swift; path = CountView.swift; sourceTree = "<group>"; };
		7AF7BBF91E54643E0059A62A /* HeartRateView.swift */ = {isa = PBXFileReference; fileEncoding = 4; lastKnownFileType = sourcecode.swift; path = HeartRateView.swift; sourceTree = "<group>"; };
		7AF7BC011E5467B90059A62A /* CountViewController.swift */ = {isa = PBXFileReference; fileEncoding = 4; lastKnownFileType = sourcecode.swift; path = CountViewController.swift; sourceTree = "<group>"; };
		7AF7BC031E5467C10059A62A /* HeartRateViewController.swift */ = {isa = PBXFileReference; fileEncoding = 4; lastKnownFileType = sourcecode.swift; path = HeartRateViewController.swift; sourceTree = "<group>"; };
		7AF7BC051E54EDDE0059A62A /* HealthKit.framework */ = {isa = PBXFileReference; lastKnownFileType = wrapper.framework; name = HealthKit.framework; path = System/Library/Frameworks/HealthKit.framework; sourceTree = SDKROOT; };
		7AF7BC071E54EF5C0059A62A /* HealthKitManager.swift */ = {isa = PBXFileReference; fileEncoding = 4; lastKnownFileType = sourcecode.swift; path = HealthKitManager.swift; sourceTree = "<group>"; };
		A26E7A8DB5013E286D061DA4 /* Pods_C7FITTests.framework */ = {isa = PBXFileReference; explicitFileType = wrapper.framework; includeInIndex = 0; path = Pods_C7FITTests.framework; sourceTree = BUILT_PRODUCTS_DIR; };
		AC087E311EB03AD500921352 /* MotivationalQuoteCollectionViewCell.swift */ = {isa = PBXFileReference; fileEncoding = 4; lastKnownFileType = sourcecode.swift; path = MotivationalQuoteCollectionViewCell.swift; sourceTree = "<group>"; };
		AC7D4A971EA3F76500230C94 /* TrainersCollectionViewCell.swift */ = {isa = PBXFileReference; fileEncoding = 4; lastKnownFileType = sourcecode.swift; path = TrainersCollectionViewCell.swift; sourceTree = "<group>"; };
		AC7D4A9A1EA3FE4B00230C94 /* TrainersViewController.swift */ = {isa = PBXFileReference; fileEncoding = 4; lastKnownFileType = sourcecode.swift; path = TrainersViewController.swift; sourceTree = "<group>"; };
		AC7D4A9C1EA3FF1300230C94 /* Trainer.swift */ = {isa = PBXFileReference; fileEncoding = 4; lastKnownFileType = sourcecode.swift; path = Trainer.swift; sourceTree = "<group>"; };
		AC7D4A9E1EA400A700230C94 /* TrainerCollectionViewCell.swift */ = {isa = PBXFileReference; fileEncoding = 4; lastKnownFileType = sourcecode.swift; path = TrainerCollectionViewCell.swift; sourceTree = "<group>"; };
		AC96A66C1E96BF9C00B503AD /* YouTubeCollectionViewCell.swift */ = {isa = PBXFileReference; fileEncoding = 4; lastKnownFileType = sourcecode.swift; path = YouTubeCollectionViewCell.swift; sourceTree = "<group>"; };
		C9EF0CEA2106516B1ECAAB5E /* Pods-C7FITTests.release.xcconfig */ = {isa = PBXFileReference; includeInIndex = 1; lastKnownFileType = text.xcconfig; name = "Pods-C7FITTests.release.xcconfig"; path = "Pods/Target Support Files/Pods-C7FITTests/Pods-C7FITTests.release.xcconfig"; sourceTree = "<group>"; };
		F464551DBAC59E09F9A579D3 /* Pods-C7FIT.release.xcconfig */ = {isa = PBXFileReference; includeInIndex = 1; lastKnownFileType = text.xcconfig; name = "Pods-C7FIT.release.xcconfig"; path = "Pods/Target Support Files/Pods-C7FIT/Pods-C7FIT.release.xcconfig"; sourceTree = "<group>"; };
		F766E4B10DB4A79B8120E9B5 /* Pods-C7FIT.debug.xcconfig */ = {isa = PBXFileReference; includeInIndex = 1; lastKnownFileType = text.xcconfig; name = "Pods-C7FIT.debug.xcconfig"; path = "Pods/Target Support Files/Pods-C7FIT/Pods-C7FIT.debug.xcconfig"; sourceTree = "<group>"; };
/* End PBXFileReference section */

/* Begin PBXFrameworksBuildPhase section */
		160D9B041E0B5C0D00801627 /* Frameworks */ = {
			isa = PBXFrameworksBuildPhase;
			buildActionMask = 2147483647;
			files = (
				DC0EF005D0A9CB5AD7082EE2 /* Pods_C7FIT.framework in Frameworks */,
				7A1CD7A81E6400E600953698 /* MapKit.framework in Frameworks */,
				7AF7BC061E54EDDE0059A62A /* HealthKit.framework in Frameworks */,
			);
			runOnlyForDeploymentPostprocessing = 0;
		};
		160D9B181E0B5C0D00801627 /* Frameworks */ = {
			isa = PBXFrameworksBuildPhase;
			buildActionMask = 2147483647;
			files = (
				8DDE8CB2A52DA4DDF6CE47C9 /* Pods_C7FITTests.framework in Frameworks */,
			);
			runOnlyForDeploymentPostprocessing = 0;
		};
		160D9B231E0B5C0D00801627 /* Frameworks */ = {
			isa = PBXFrameworksBuildPhase;
			buildActionMask = 2147483647;
			files = (
			);
			runOnlyForDeploymentPostprocessing = 0;
		};
/* End PBXFrameworksBuildPhase section */

/* Begin PBXGroup section */
		160D9AFE1E0B5C0D00801627 = {
			isa = PBXGroup;
			children = (
				160D9B091E0B5C0D00801627 /* C7FIT */,
				160D9B1E1E0B5C0D00801627 /* C7FITTests */,
				160D9B291E0B5C0D00801627 /* C7FITUITests */,
				160D9B081E0B5C0D00801627 /* Products */,
				8A4DDC890BA1A12937B3948E /* Pods */,
				1796F25B9292C74D5876C980 /* Frameworks */,
			);
			sourceTree = "<group>";
		};
		160D9B081E0B5C0D00801627 /* Products */ = {
			isa = PBXGroup;
			children = (
				160D9B071E0B5C0D00801627 /* C7FIT.app */,
				160D9B1B1E0B5C0D00801627 /* C7FITTests.xctest */,
				160D9B261E0B5C0D00801627 /* C7FITUITests.xctest */,
			);
			name = Products;
			sourceTree = "<group>";
		};
		160D9B091E0B5C0D00801627 /* C7FIT */ = {
			isa = PBXGroup;
			children = (
				16FFF43B1E3458FE009B4F34 /* Models */,
				160D9B751E0B7FC500801627 /* Views */,
				160D9B761E0B7FCE00801627 /* View Controllers */,
				163771521E398E07000B3E87 /* Stores */,
				16FFF4371E3455DE009B4F34 /* Other */,
				16FFF4381E3455E5009B4F34 /* Supporting Files */,
			);
			path = C7FIT;
			sourceTree = "<group>";
		};
		160D9B1E1E0B5C0D00801627 /* C7FITTests */ = {
			isa = PBXGroup;
			children = (
				160D9B1F1E0B5C0D00801627 /* C7FITTests.swift */,
				160D9B211E0B5C0D00801627 /* Info.plist */,
			);
			path = C7FITTests;
			sourceTree = "<group>";
		};
		160D9B291E0B5C0D00801627 /* C7FITUITests */ = {
			isa = PBXGroup;
			children = (
				160D9B2A1E0B5C0D00801627 /* C7FITUITests.swift */,
				160D9B2C1E0B5C0D00801627 /* Info.plist */,
			);
			path = C7FITUITests;
			sourceTree = "<group>";
		};
		160D9B751E0B7FC500801627 /* Views */ = {
			isa = PBXGroup;
			children = (
				AC7D4A961EA3F53100230C94 /* HomeViews */,
				7A3E51BC1E4BD1B5009BA84A /* ScheduleViews */,
				1626F8331E62B173002E2A9B /* StoreViews */,
				7A8B9D2C1E5272C600B88316 /* ActivityViews */,
				166983D91E5088A800B36107 /* ProfileViews */,
				AC7D4A9E1EA400A700230C94 /* TrainerCollectionViewCell.swift */,
			);
			name = Views;
			sourceTree = "<group>";
		};
		160D9B761E0B7FCE00801627 /* View Controllers */ = {
			isa = PBXGroup;
			children = (
				160D9B771E0B80DE00801627 /* HomeViewController.swift */,
				AC7D4A9A1EA3FE4B00230C94 /* TrainersViewController.swift */,
				160D9B7B1E0BF4CC00801627 /* ScheduleViewController.swift */,
				16BFBBB21E6A7B82001D088A /* Store */,
				7AF7BBED1E545FEE0059A62A /* Activity */,
				166983DA1E5088D500B36107 /* Profile */,
			);
			name = "View Controllers";
			sourceTree = "<group>";
		};
		1626F8331E62B173002E2A9B /* StoreViews */ = {
			isa = PBXGroup;
			children = (
				16BEBE531E6FEE050034D422 /* CategoryCell.swift */,
				16BFBBB31E6A7C7A001D088A /* eBayItemCell.swift */,
				16461B351E7F435E003A8723 /* ItemHeaderCell.swift */,
				16461B371E7F4AF2003A8723 /* ItemImageCell.swift */,
				1699EB321E80BBEE008171AF /* ItemInfoCell.swift */,
			);
			name = StoreViews;
			sourceTree = "<group>";
		};
		163771521E398E07000B3E87 /* Stores */ = {
			isa = PBXGroup;
			children = (
				16BEB6C51E72966A001BE973 /* eBayAPIToken.swift */,
				1626F8361E62BD1A002E2A9B /* eBayDataManager.swift */,
				163771531E398E2B000B3E87 /* FirebaseDataManager.swift */,
				7AF7BC071E54EF5C0059A62A /* HealthKitManager.swift */,
			);
			name = Stores;
			sourceTree = "<group>";
		};
		166983D91E5088A800B36107 /* ProfileViews */ = {
			isa = PBXGroup;
			children = (
				164BAAAB1E36E5D900DE4C71 /* LoginView.swift */,
				16D2D2E91E38020300F6AA9F /* ProfileHeaderView.swift */,
				163DFC0F1E41A43A00593CF9 /* AbstractHealthCell.swift */,
				16D2D2ED1E3874F800F6AA9F /* LogoutTableViewCell.swift */,
			);
			name = ProfileViews;
			sourceTree = "<group>";
		};
		166983DA1E5088D500B36107 /* Profile */ = {
			isa = PBXGroup;
			children = (
				164BAAA91E36E5BA00DE4C71 /* LoginViewController.swift */,
				161B93401E9AD48100F397C5 /* ProfileImagePickerDelegate.swift */,
				160D9B891E0BFA7A00801627 /* ProfileViewController.swift */,
				1658B9DD1E0F9EFD009D4F67 /* ProfileViewModel.swift */,
				16227F6C1E9A4785008A2FE4 /* ProfilePickerDataSource.swift */,
				161B933E1E9ACAF500F397C5 /* ProfilePickerDelegate.swift */,
			);
			name = Profile;
			sourceTree = "<group>";
		};
		16BFBBB21E6A7B82001D088A /* Store */ = {
			isa = PBXGroup;
			children = (
				1626F8341E62B204002E2A9B /* CategoryCellController.swift */,
				16BEB6C71E72AE20001BE973 /* ItemDetailController.swift */,
				16461B331E7F40A1003A8723 /* ItemHeaderCellController.swift */,
				160D9B7F1E0BF91400801627 /* StoreViewController.swift */,
			);
			name = Store;
			sourceTree = "<group>";
		};
		16FFF4371E3455DE009B4F34 /* Other */ = {
			isa = PBXGroup;
			children = (
				160D9B0A1E0B5C0D00801627 /* AppDelegate.swift */,
				160D9B111E0B5C0D00801627 /* Assets.xcassets */,
				16D2D2EB1E38638600F6AA9F /* CircularImageView.swift */,
				1694BE1B1E71330F004E2E7D /* C7FUIImageView.swift */,
				16576F161E1295C300BF622D /* String+Conversions.swift */,
			);
			name = Other;
			sourceTree = "<group>";
		};
		16FFF4381E3455E5009B4F34 /* Supporting Files */ = {
			isa = PBXGroup;
			children = (
				16FFF4391E345748009B4F34 /* GoogleService-Info.plist */,
				160D9B161E0B5C0D00801627 /* Info.plist */,
				16FFF43E1E345F17009B4F34 /* C7FIT.entitlements */,
			);
			name = "Supporting Files";
			sourceTree = "<group>";
		};
		16FFF43B1E3458FE009B4F34 /* Models */ = {
			isa = PBXGroup;
			children = (
				16FFF43C1E3459C2009B4F34 /* User.swift */,
				7AD3DEF11E5ED7CF001580CC /* RunData.swift */,
				7AD3DEF31E5ED860001580CC /* LocationData.swift */,
				16594B351E6C5B350032AD26 /* eBayItem.swift */,
				16BEBE511E6FB4E10034D422 /* eBayItemCategory.swift */,
				AC7D4A9C1EA3FF1300230C94 /* Trainer.swift */,
			);
			name = Models;
			sourceTree = "<group>";
		};
		1796F25B9292C74D5876C980 /* Frameworks */ = {
			isa = PBXGroup;
			children = (
				7A1CD7A71E6400E600953698 /* MapKit.framework */,
				7AF7BC051E54EDDE0059A62A /* HealthKit.framework */,
				53076A0C8FE5245144D9ECCE /* Pods_C7FIT.framework */,
				A26E7A8DB5013E286D061DA4 /* Pods_C7FITTests.framework */,
			);
			name = Frameworks;
			sourceTree = "<group>";
		};
		7A3E51BC1E4BD1B5009BA84A /* ScheduleViews */ = {
			isa = PBXGroup;
			children = (
				160D9B7D1E0BF5DC00801627 /* ScheduleView.swift */,
				7A7699391E3962E90086519A /* ScheduleBrowserTableViewCell.swift */,
				7AAB23631E4297BA00AD7040 /* ScheduleBioTableViewCell.swift */,
				7AAB23651E4298BB00AD7040 /* ScheduleContactTableViewCell.swift */,
			);
			name = ScheduleViews;
			sourceTree = "<group>";
		};
		7A838C4D1E96F427003BE65F /* Stopwatch */ = {
			isa = PBXGroup;
			children = (
				7A838C4F1E96F497003BE65F /* WatchTimerCell.swift */,
				7A838C501E96F497003BE65F /* WatchButtonCell.swift */,
				7AF7BBF51E5464250059A62A /* WatchView.swift */,
			);
			name = Stopwatch;
			sourceTree = "<group>";
		};
		7A838C4E1E96F43A003BE65F /* Stopwatch */ = {
			isa = PBXGroup;
			children = (
				7A838C531E96F4AA003BE65F /* StopWatchTableViewController.swift */,
			);
			name = Stopwatch;
			sourceTree = "<group>";
		};
		7A838C551E96F9BA003BE65F /* Countdown */ = {
			isa = PBXGroup;
			children = (
				7A838C571E96FA04003BE65F /* TimePickerCell.swift */,
				7AF7BBF71E5464310059A62A /* CountView.swift */,
			);
			name = Countdown;
			sourceTree = "<group>";
		};
		7A838C561E96F9C6003BE65F /* Countdown */ = {
			isa = PBXGroup;
			children = (
				7AF7BC011E5467B90059A62A /* CountViewController.swift */,
			);
			name = Countdown;
			sourceTree = "<group>";
		};
		7A8B9D2C1E5272C600B88316 /* ActivityViews */ = {
			isa = PBXGroup;
			children = (
				7AF7BBEE1E5460420059A62A /* UIViews */,
				7AF7BBEA1E545DDD0059A62A /* CellViews */,
				160D9B831E0BFA4500801627 /* ActivityView.swift */,
			);
			name = ActivityViews;
			sourceTree = "<group>";
		};
		7A9CBE311E8E354200AF1F25 /* Health */ = {
			isa = PBXGroup;
			children = (
				7AF7BBF31E5460860059A62A /* HealthKit.swift */,
				7A9CBE321E8E35A800AF1F25 /* HealthInfoCell.swift */,
			);
			name = Health;
			sourceTree = "<group>";
		};
		7A9CBE361E8E367000AF1F25 /* Health */ = {
			isa = PBXGroup;
			children = (
				7A9CBE371E8E368700AF1F25 /* HealthKitTableViewController.swift */,
			);
			name = Health;
			sourceTree = "<group>";
		};
		7AB9EFA71E6DEF14000C20C6 /* Map */ = {
			isa = PBXGroup;
			children = (
				7AB9EFA51E6DEF09000C20C6 /* RunListCell.swift */,
				7A76A7A31E6F66A100C7D8F2 /* StartStopCell.swift */,
				7A76A7A51E6F66DA00C7D8F2 /* MapCell.swift */,
				7A76A7A71E6F66FD00C7D8F2 /* RunDetailCell.swift */,
				7AECE6D11E70BE7400423D82 /* TimerCell.swift */,
			);
			name = Map;
			sourceTree = "<group>";
		};
		7AB9EFA81E6DEF1F000C20C6 /* Map */ = {
			isa = PBXGroup;
			children = (
				7AB9EFA91E6DEF3A000C20C6 /* RunListTableViewController.swift */,
				7A76A7A91E6F6DD200C7D8F2 /* MapTableViewController.swift */,
				7A76A7AB1E6F914A00C7D8F2 /* MapDetailTableViewController.swift */,
			);
			name = Map;
			sourceTree = "<group>";
		};
		7AF7BBEA1E545DDD0059A62A /* CellViews */ = {
			isa = PBXGroup;
			children = (
				7A8B9D2F1E52751500B88316 /* MapTableViewCell.swift */,
				7A8B9D311E52752200B88316 /* WatchTableViewCell.swift */,
				7A8B9D331E52752D00B88316 /* CountTableViewCell.swift */,
				7A8B9D351E52753800B88316 /* HeartRateTableViewCell.swift */,
				7A9CBE391E8E3A9C00AF1F25 /* HealthKitTableViewCell.swift */,
			);
			name = CellViews;
			sourceTree = "<group>";
		};
		7AF7BBED1E545FEE0059A62A /* Activity */ = {
			isa = PBXGroup;
			children = (
				160D9B871E0BFA6A00801627 /* ActivityViewController.swift */,
				7A9CBE361E8E367000AF1F25 /* Health */,
				7AB9EFA81E6DEF1F000C20C6 /* Map */,
				7A838C4E1E96F43A003BE65F /* Stopwatch */,
				7A838C561E96F9C6003BE65F /* Countdown */,
				7AF7BC031E5467C10059A62A /* HeartRateViewController.swift */,
			);
			name = Activity;
			sourceTree = "<group>";
		};
		7AF7BBEE1E5460420059A62A /* UIViews */ = {
			isa = PBXGroup;
			children = (
				7A9CBE311E8E354200AF1F25 /* Health */,
				7AB9EFA71E6DEF14000C20C6 /* Map */,
				7A838C4D1E96F427003BE65F /* Stopwatch */,
				7A838C551E96F9BA003BE65F /* Countdown */,
				7AF7BBF91E54643E0059A62A /* HeartRateView.swift */,
			);
			name = UIViews;
			sourceTree = "<group>";
		};
		8A4DDC890BA1A12937B3948E /* Pods */ = {
			isa = PBXGroup;
			children = (
				F766E4B10DB4A79B8120E9B5 /* Pods-C7FIT.debug.xcconfig */,
				F464551DBAC59E09F9A579D3 /* Pods-C7FIT.release.xcconfig */,
				6F1638978FFA2B1F2F25C7A2 /* Pods-C7FITTests.debug.xcconfig */,
				C9EF0CEA2106516B1ECAAB5E /* Pods-C7FITTests.release.xcconfig */,
			);
			name = Pods;
			sourceTree = "<group>";
		};
		AC7D4A961EA3F53100230C94 /* HomeViews */ = {
			isa = PBXGroup;
			children = (
				AC7D4A991EA3F81F00230C94 /* CollectionView Cells */,
				160D9B791E0B88EE00801627 /* HomeView.swift */,
			);
			name = HomeViews;
			sourceTree = "<group>";
		};
		AC7D4A991EA3F81F00230C94 /* CollectionView Cells */ = {
			isa = PBXGroup;
			children = (
				AC96A66C1E96BF9C00B503AD /* YouTubeCollectionViewCell.swift */,
				AC7D4A971EA3F76500230C94 /* TrainersCollectionViewCell.swift */,
				AC087E311EB03AD500921352 /* MotivationalQuoteCollectionViewCell.swift */,
			);
			name = "CollectionView Cells";
			sourceTree = "<group>";
		};
/* End PBXGroup section */

/* Begin PBXNativeTarget section */
		160D9B061E0B5C0D00801627 /* C7FIT */ = {
			isa = PBXNativeTarget;
			buildConfigurationList = 160D9B2F1E0B5C0D00801627 /* Build configuration list for PBXNativeTarget "C7FIT" */;
			buildPhases = (
				5BE89165AC33FDCDE123B29B /* [CP] Check Pods Manifest.lock */,
				160D9B031E0B5C0D00801627 /* Sources */,
				160D9B041E0B5C0D00801627 /* Frameworks */,
				160D9B051E0B5C0D00801627 /* Resources */,
				1583AB5B6FB29579CBE9DE1F /* [CP] Embed Pods Frameworks */,
				CE3C1E722022F78F90F6EDA5 /* [CP] Copy Pods Resources */,
				ACA028D21E96FFF3007834D9 /* ShellScript */,
			);
			buildRules = (
			);
			dependencies = (
			);
			name = C7FIT;
			productName = C7FIT;
			productReference = 160D9B071E0B5C0D00801627 /* C7FIT.app */;
			productType = "com.apple.product-type.application";
		};
		160D9B1A1E0B5C0D00801627 /* C7FITTests */ = {
			isa = PBXNativeTarget;
			buildConfigurationList = 160D9B321E0B5C0D00801627 /* Build configuration list for PBXNativeTarget "C7FITTests" */;
			buildPhases = (
				DD6AC5B91BB5302682A5024F /* [CP] Check Pods Manifest.lock */,
				160D9B171E0B5C0D00801627 /* Sources */,
				160D9B181E0B5C0D00801627 /* Frameworks */,
				160D9B191E0B5C0D00801627 /* Resources */,
				C8DD59739492E08543C24306 /* [CP] Embed Pods Frameworks */,
				4875E5E5E5BFAF38D00BEF19 /* [CP] Copy Pods Resources */,
			);
			buildRules = (
			);
			dependencies = (
				160D9B1D1E0B5C0D00801627 /* PBXTargetDependency */,
			);
			name = C7FITTests;
			productName = C7FITTests;
			productReference = 160D9B1B1E0B5C0D00801627 /* C7FITTests.xctest */;
			productType = "com.apple.product-type.bundle.unit-test";
		};
		160D9B251E0B5C0D00801627 /* C7FITUITests */ = {
			isa = PBXNativeTarget;
			buildConfigurationList = 160D9B351E0B5C0D00801627 /* Build configuration list for PBXNativeTarget "C7FITUITests" */;
			buildPhases = (
				160D9B221E0B5C0D00801627 /* Sources */,
				160D9B231E0B5C0D00801627 /* Frameworks */,
				160D9B241E0B5C0D00801627 /* Resources */,
			);
			buildRules = (
			);
			dependencies = (
				160D9B281E0B5C0D00801627 /* PBXTargetDependency */,
			);
			name = C7FITUITests;
			productName = C7FITUITests;
			productReference = 160D9B261E0B5C0D00801627 /* C7FITUITests.xctest */;
			productType = "com.apple.product-type.bundle.ui-testing";
		};
/* End PBXNativeTarget section */

/* Begin PBXProject section */
		160D9AFF1E0B5C0D00801627 /* Project object */ = {
			isa = PBXProject;
			attributes = {
				LastSwiftUpdateCheck = 0820;
				LastUpgradeCheck = 0820;
				ORGANIZATIONNAME = "Brandon Lee";
				TargetAttributes = {
					160D9B061E0B5C0D00801627 = {
						CreatedOnToolsVersion = 8.2;
						DevelopmentTeam = 27G39RU5P8;
						ProvisioningStyle = Automatic;
						SystemCapabilities = {
							com.apple.HealthKit = {
								enabled = 1;
							};
							com.apple.Keychain = {
								enabled = 1;
							};
							com.apple.Maps.iOS = {
								enabled = 1;
							};
						};
					};
					160D9B1A1E0B5C0D00801627 = {
						CreatedOnToolsVersion = 8.2;
						ProvisioningStyle = Automatic;
						TestTargetID = 160D9B061E0B5C0D00801627;
					};
					160D9B251E0B5C0D00801627 = {
						CreatedOnToolsVersion = 8.2;
						ProvisioningStyle = Automatic;
						TestTargetID = 160D9B061E0B5C0D00801627;
					};
				};
			};
			buildConfigurationList = 160D9B021E0B5C0D00801627 /* Build configuration list for PBXProject "C7FIT" */;
			compatibilityVersion = "Xcode 3.2";
			developmentRegion = English;
			hasScannedForEncodings = 0;
			knownRegions = (
				en,
				Base,
			);
			mainGroup = 160D9AFE1E0B5C0D00801627;
			productRefGroup = 160D9B081E0B5C0D00801627 /* Products */;
			projectDirPath = "";
			projectRoot = "";
			targets = (
				160D9B061E0B5C0D00801627 /* C7FIT */,
				160D9B1A1E0B5C0D00801627 /* C7FITTests */,
				160D9B251E0B5C0D00801627 /* C7FITUITests */,
			);
		};
/* End PBXProject section */

/* Begin PBXResourcesBuildPhase section */
		160D9B051E0B5C0D00801627 /* Resources */ = {
			isa = PBXResourcesBuildPhase;
			buildActionMask = 2147483647;
			files = (
				16FFF43A1E345748009B4F34 /* GoogleService-Info.plist in Resources */,
				160D9B121E0B5C0D00801627 /* Assets.xcassets in Resources */,
			);
			runOnlyForDeploymentPostprocessing = 0;
		};
		160D9B191E0B5C0D00801627 /* Resources */ = {
			isa = PBXResourcesBuildPhase;
			buildActionMask = 2147483647;
			files = (
			);
			runOnlyForDeploymentPostprocessing = 0;
		};
		160D9B241E0B5C0D00801627 /* Resources */ = {
			isa = PBXResourcesBuildPhase;
			buildActionMask = 2147483647;
			files = (
			);
			runOnlyForDeploymentPostprocessing = 0;
		};
/* End PBXResourcesBuildPhase section */

/* Begin PBXShellScriptBuildPhase section */
		1583AB5B6FB29579CBE9DE1F /* [CP] Embed Pods Frameworks */ = {
			isa = PBXShellScriptBuildPhase;
			buildActionMask = 2147483647;
			files = (
			);
			inputPaths = (
			);
			name = "[CP] Embed Pods Frameworks";
			outputPaths = (
			);
			runOnlyForDeploymentPostprocessing = 0;
			shellPath = /bin/sh;
			shellScript = "\"${SRCROOT}/Pods/Target Support Files/Pods-C7FIT/Pods-C7FIT-frameworks.sh\"\n";
			showEnvVarsInLog = 0;
		};
		4875E5E5E5BFAF38D00BEF19 /* [CP] Copy Pods Resources */ = {
			isa = PBXShellScriptBuildPhase;
			buildActionMask = 2147483647;
			files = (
			);
			inputPaths = (
			);
			name = "[CP] Copy Pods Resources";
			outputPaths = (
			);
			runOnlyForDeploymentPostprocessing = 0;
			shellPath = /bin/sh;
			shellScript = "\"${SRCROOT}/Pods/Target Support Files/Pods-C7FITTests/Pods-C7FITTests-resources.sh\"\n";
			showEnvVarsInLog = 0;
		};
		5BE89165AC33FDCDE123B29B /* [CP] Check Pods Manifest.lock */ = {
			isa = PBXShellScriptBuildPhase;
			buildActionMask = 2147483647;
			files = (
			);
			inputPaths = (
			);
			name = "[CP] Check Pods Manifest.lock";
			outputPaths = (
			);
			runOnlyForDeploymentPostprocessing = 0;
			shellPath = /bin/sh;
			shellScript = "diff \"${PODS_ROOT}/../Podfile.lock\" \"${PODS_ROOT}/Manifest.lock\" > /dev/null\nif [ $? != 0 ] ; then\n    # print error to STDERR\n    echo \"error: The sandbox is not in sync with the Podfile.lock. Run 'pod install' or update your CocoaPods installation.\" >&2\n    exit 1\nfi\n";
			showEnvVarsInLog = 0;
		};
		ACA028D21E96FFF3007834D9 /* ShellScript */ = {
			isa = PBXShellScriptBuildPhase;
			buildActionMask = 2147483647;
			files = (
			);
			inputPaths = (
			);
			outputPaths = (
			);
			runOnlyForDeploymentPostprocessing = 0;
			shellPath = /bin/sh;
			shellScript = "if which swiftlint >/dev/null; then\n    swiftlint\nelse\n    echo \"warning: SwiftLint not installed, download from https://github.com/realm/SwiftLint\"\nfi";
		};
		C8DD59739492E08543C24306 /* [CP] Embed Pods Frameworks */ = {
			isa = PBXShellScriptBuildPhase;
			buildActionMask = 2147483647;
			files = (
			);
			inputPaths = (
			);
			name = "[CP] Embed Pods Frameworks";
			outputPaths = (
			);
			runOnlyForDeploymentPostprocessing = 0;
			shellPath = /bin/sh;
			shellScript = "\"${SRCROOT}/Pods/Target Support Files/Pods-C7FITTests/Pods-C7FITTests-frameworks.sh\"\n";
			showEnvVarsInLog = 0;
		};
		CE3C1E722022F78F90F6EDA5 /* [CP] Copy Pods Resources */ = {
			isa = PBXShellScriptBuildPhase;
			buildActionMask = 2147483647;
			files = (
			);
			inputPaths = (
			);
			name = "[CP] Copy Pods Resources";
			outputPaths = (
			);
			runOnlyForDeploymentPostprocessing = 0;
			shellPath = /bin/sh;
			shellScript = "\"${SRCROOT}/Pods/Target Support Files/Pods-C7FIT/Pods-C7FIT-resources.sh\"\n";
			showEnvVarsInLog = 0;
		};
		DD6AC5B91BB5302682A5024F /* [CP] Check Pods Manifest.lock */ = {
			isa = PBXShellScriptBuildPhase;
			buildActionMask = 2147483647;
			files = (
			);
			inputPaths = (
			);
			name = "[CP] Check Pods Manifest.lock";
			outputPaths = (
			);
			runOnlyForDeploymentPostprocessing = 0;
			shellPath = /bin/sh;
			shellScript = "diff \"${PODS_ROOT}/../Podfile.lock\" \"${PODS_ROOT}/Manifest.lock\" > /dev/null\nif [ $? != 0 ] ; then\n    # print error to STDERR\n    echo \"error: The sandbox is not in sync with the Podfile.lock. Run 'pod install' or update your CocoaPods installation.\" >&2\n    exit 1\nfi\n";
			showEnvVarsInLog = 0;
		};
/* End PBXShellScriptBuildPhase section */

/* Begin PBXSourcesBuildPhase section */
		160D9B031E0B5C0D00801627 /* Sources */ = {
			isa = PBXSourcesBuildPhase;
			buildActionMask = 2147483647;
			files = (
				7AF7BC021E5467B90059A62A /* CountViewController.swift in Sources */,
				16594B361E6C5B350032AD26 /* eBayItem.swift in Sources */,
				AC96A66D1E96BF9C00B503AD /* YouTubeCollectionViewCell.swift in Sources */,
				16576F171E1295C300BF622D /* String+Conversions.swift in Sources */,
				7A8B9D321E52752200B88316 /* WatchTableViewCell.swift in Sources */,
				7A76A7AC1E6F914A00C7D8F2 /* MapDetailTableViewController.swift in Sources */,
				16D2D2EC1E38638600F6AA9F /* CircularImageView.swift in Sources */,
				160D9B7A1E0B88EE00801627 /* HomeView.swift in Sources */,
				163DFC101E41A43A00593CF9 /* AbstractHealthCell.swift in Sources */,
				7A8B9D361E52753800B88316 /* HeartRateTableViewCell.swift in Sources */,
				7A8B9D301E52751500B88316 /* MapTableViewCell.swift in Sources */,
				7A838C581E96FA04003BE65F /* TimePickerCell.swift in Sources */,
				16BEBE541E6FEE050034D422 /* CategoryCell.swift in Sources */,
				164BAAAA1E36E5BA00DE4C71 /* LoginViewController.swift in Sources */,
				AC7D4A9F1EA400A700230C94 /* TrainerCollectionViewCell.swift in Sources */,
				16227F6D1E9A4785008A2FE4 /* ProfilePickerDataSource.swift in Sources */,
				16461B361E7F435E003A8723 /* ItemHeaderCell.swift in Sources */,
				16BEB6C81E72AE20001BE973 /* ItemDetailController.swift in Sources */,
				7A76993A1E3962E90086519A /* ScheduleBrowserTableViewCell.swift in Sources */,
				7AAB23641E4297BA00AD7040 /* ScheduleBioTableViewCell.swift in Sources */,
				16BEB6C61E72966A001BE973 /* eBayAPIToken.swift in Sources */,
				16BFBBB41E6A7C7A001D088A /* eBayItemCell.swift in Sources */,
				7AF7BBFA1E54643E0059A62A /* HeartRateView.swift in Sources */,
				160D9B0B1E0B5C0D00801627 /* AppDelegate.swift in Sources */,
				7AF7BBF41E5460860059A62A /* HealthKit.swift in Sources */,
				1699EB331E80BBEE008171AF /* ItemInfoCell.swift in Sources */,
				7A76A7A41E6F66A100C7D8F2 /* StartStopCell.swift in Sources */,
				7AF7BBF81E5464310059A62A /* CountView.swift in Sources */,
				160D9B881E0BFA6A00801627 /* ActivityViewController.swift in Sources */,
				7A838C541E96F4AA003BE65F /* StopWatchTableViewController.swift in Sources */,
				163771541E398E2B000B3E87 /* FirebaseDataManager.swift in Sources */,
				7A9CBE381E8E368700AF1F25 /* HealthKitTableViewController.swift in Sources */,
				160D9B8A1E0BFA7A00801627 /* ProfileViewController.swift in Sources */,
				1626F8351E62B204002E2A9B /* CategoryCellController.swift in Sources */,
				7AF7BC081E54EF5C0059A62A /* HealthKitManager.swift in Sources */,
				AC087E321EB03AD500921352 /* MotivationalQuoteCollectionViewCell.swift in Sources */,
				16FFF43D1E3459C2009B4F34 /* User.swift in Sources */,
				7AF7BBF61E5464250059A62A /* WatchView.swift in Sources */,
				160D9B7C1E0BF4CC00801627 /* ScheduleViewController.swift in Sources */,
				7A76A7AA1E6F6DD200C7D8F2 /* MapTableViewController.swift in Sources */,
				1694BE1C1E71330F004E2E7D /* C7FUIImageView.swift in Sources */,
				7AD3DEF21E5ED7CF001580CC /* RunData.swift in Sources */,
				16461B341E7F40A1003A8723 /* ItemHeaderCellController.swift in Sources */,
				160D9B801E0BF91400801627 /* StoreViewController.swift in Sources */,
				16D2D2EA1E38020300F6AA9F /* ProfileHeaderView.swift in Sources */,
				AC7D4A9B1EA3FE4B00230C94 /* TrainersViewController.swift in Sources */,
				7AB9EFAA1E6DEF3A000C20C6 /* RunListTableViewController.swift in Sources */,
				1626F8371E62BD1A002E2A9B /* eBayDataManager.swift in Sources */,
				16461B381E7F4AF2003A8723 /* ItemImageCell.swift in Sources */,
				7AAB23661E4298BB00AD7040 /* ScheduleContactTableViewCell.swift in Sources */,
				7A838C511E96F497003BE65F /* WatchTimerCell.swift in Sources */,
				16D2D2EE1E3874F800F6AA9F /* LogoutTableViewCell.swift in Sources */,
				161B93411E9AD48100F397C5 /* ProfileImagePickerDelegate.swift in Sources */,
				7AF7BC041E5467C10059A62A /* HeartRateViewController.swift in Sources */,
				7A76A7A81E6F66FD00C7D8F2 /* RunDetailCell.swift in Sources */,
				160D9B841E0BFA4500801627 /* ActivityView.swift in Sources */,
				7AB9EFA61E6DEF09000C20C6 /* RunListCell.swift in Sources */,
				7AECE6D21E70BE7400423D82 /* TimerCell.swift in Sources */,
				1658B9DE1E0F9EFD009D4F67 /* ProfileViewModel.swift in Sources */,
				160D9B7E1E0BF5DC00801627 /* ScheduleView.swift in Sources */,
				7A9CBE3A1E8E3A9C00AF1F25 /* HealthKitTableViewCell.swift in Sources */,
				AC7D4A9D1EA3FF1300230C94 /* Trainer.swift in Sources */,
				7A76A7A61E6F66DA00C7D8F2 /* MapCell.swift in Sources */,
				161B933F1E9ACAF500F397C5 /* ProfilePickerDelegate.swift in Sources */,
				AC7D4A981EA3F76500230C94 /* TrainersCollectionViewCell.swift in Sources */,
				7AD3DEF41E5ED860001580CC /* LocationData.swift in Sources */,
				16BEBE521E6FB4E10034D422 /* eBayItemCategory.swift in Sources */,
				7A838C521E96F497003BE65F /* WatchButtonCell.swift in Sources */,
				7A8B9D341E52752D00B88316 /* CountTableViewCell.swift in Sources */,
				164BAAAC1E36E5D900DE4C71 /* LoginView.swift in Sources */,
				160D9B781E0B80DE00801627 /* HomeViewController.swift in Sources */,
				7A9CBE331E8E35A800AF1F25 /* HealthInfoCell.swift in Sources */,
			);
			runOnlyForDeploymentPostprocessing = 0;
		};
		160D9B171E0B5C0D00801627 /* Sources */ = {
			isa = PBXSourcesBuildPhase;
			buildActionMask = 2147483647;
			files = (
				160D9B201E0B5C0D00801627 /* C7FITTests.swift in Sources */,
			);
			runOnlyForDeploymentPostprocessing = 0;
		};
		160D9B221E0B5C0D00801627 /* Sources */ = {
			isa = PBXSourcesBuildPhase;
			buildActionMask = 2147483647;
			files = (
				160D9B2B1E0B5C0D00801627 /* C7FITUITests.swift in Sources */,
			);
			runOnlyForDeploymentPostprocessing = 0;
		};
/* End PBXSourcesBuildPhase section */

/* Begin PBXTargetDependency section */
		160D9B1D1E0B5C0D00801627 /* PBXTargetDependency */ = {
			isa = PBXTargetDependency;
			target = 160D9B061E0B5C0D00801627 /* C7FIT */;
			targetProxy = 160D9B1C1E0B5C0D00801627 /* PBXContainerItemProxy */;
		};
		160D9B281E0B5C0D00801627 /* PBXTargetDependency */ = {
			isa = PBXTargetDependency;
			target = 160D9B061E0B5C0D00801627 /* C7FIT */;
			targetProxy = 160D9B271E0B5C0D00801627 /* PBXContainerItemProxy */;
		};
/* End PBXTargetDependency section */

/* Begin XCBuildConfiguration section */
		160D9B2D1E0B5C0D00801627 /* Debug */ = {
			isa = XCBuildConfiguration;
			buildSettings = {
				ALWAYS_SEARCH_USER_PATHS = NO;
				CLANG_ANALYZER_NONNULL = YES;
				CLANG_CXX_LANGUAGE_STANDARD = "gnu++0x";
				CLANG_CXX_LIBRARY = "libc++";
				CLANG_ENABLE_MODULES = YES;
				CLANG_ENABLE_OBJC_ARC = YES;
				CLANG_WARN_BOOL_CONVERSION = YES;
				CLANG_WARN_CONSTANT_CONVERSION = YES;
				CLANG_WARN_DIRECT_OBJC_ISA_USAGE = YES_ERROR;
				CLANG_WARN_DOCUMENTATION_COMMENTS = YES;
				CLANG_WARN_EMPTY_BODY = YES;
				CLANG_WARN_ENUM_CONVERSION = YES;
				CLANG_WARN_INFINITE_RECURSION = YES;
				CLANG_WARN_INT_CONVERSION = YES;
				CLANG_WARN_OBJC_ROOT_CLASS = YES_ERROR;
				CLANG_WARN_SUSPICIOUS_MOVE = YES;
				CLANG_WARN_UNREACHABLE_CODE = YES;
				CLANG_WARN__DUPLICATE_METHOD_MATCH = YES;
				"CODE_SIGN_IDENTITY[sdk=iphoneos*]" = "iPhone Developer";
				COPY_PHASE_STRIP = NO;
				DEBUG_INFORMATION_FORMAT = dwarf;
				ENABLE_STRICT_OBJC_MSGSEND = YES;
				ENABLE_TESTABILITY = YES;
				GCC_C_LANGUAGE_STANDARD = gnu99;
				GCC_DYNAMIC_NO_PIC = NO;
				GCC_NO_COMMON_BLOCKS = YES;
				GCC_OPTIMIZATION_LEVEL = 0;
				GCC_PREPROCESSOR_DEFINITIONS = (
					"DEBUG=1",
					"$(inherited)",
				);
				GCC_WARN_64_TO_32_BIT_CONVERSION = YES;
				GCC_WARN_ABOUT_RETURN_TYPE = YES_ERROR;
				GCC_WARN_UNDECLARED_SELECTOR = YES;
				GCC_WARN_UNINITIALIZED_AUTOS = YES_AGGRESSIVE;
				GCC_WARN_UNUSED_FUNCTION = YES;
				GCC_WARN_UNUSED_VARIABLE = YES;
				IPHONEOS_DEPLOYMENT_TARGET = 10.2;
				MTL_ENABLE_DEBUG_INFO = YES;
				ONLY_ACTIVE_ARCH = YES;
				SDKROOT = iphoneos;
				SWIFT_ACTIVE_COMPILATION_CONDITIONS = DEBUG;
				SWIFT_OPTIMIZATION_LEVEL = "-Onone";
			};
			name = Debug;
		};
		160D9B2E1E0B5C0D00801627 /* Release */ = {
			isa = XCBuildConfiguration;
			buildSettings = {
				ALWAYS_SEARCH_USER_PATHS = NO;
				CLANG_ANALYZER_NONNULL = YES;
				CLANG_CXX_LANGUAGE_STANDARD = "gnu++0x";
				CLANG_CXX_LIBRARY = "libc++";
				CLANG_ENABLE_MODULES = YES;
				CLANG_ENABLE_OBJC_ARC = YES;
				CLANG_WARN_BOOL_CONVERSION = YES;
				CLANG_WARN_CONSTANT_CONVERSION = YES;
				CLANG_WARN_DIRECT_OBJC_ISA_USAGE = YES_ERROR;
				CLANG_WARN_DOCUMENTATION_COMMENTS = YES;
				CLANG_WARN_EMPTY_BODY = YES;
				CLANG_WARN_ENUM_CONVERSION = YES;
				CLANG_WARN_INFINITE_RECURSION = YES;
				CLANG_WARN_INT_CONVERSION = YES;
				CLANG_WARN_OBJC_ROOT_CLASS = YES_ERROR;
				CLANG_WARN_SUSPICIOUS_MOVE = YES;
				CLANG_WARN_UNREACHABLE_CODE = YES;
				CLANG_WARN__DUPLICATE_METHOD_MATCH = YES;
				"CODE_SIGN_IDENTITY[sdk=iphoneos*]" = "iPhone Developer";
				COPY_PHASE_STRIP = NO;
				DEBUG_INFORMATION_FORMAT = "dwarf-with-dsym";
				ENABLE_NS_ASSERTIONS = NO;
				ENABLE_STRICT_OBJC_MSGSEND = YES;
				GCC_C_LANGUAGE_STANDARD = gnu99;
				GCC_NO_COMMON_BLOCKS = YES;
				GCC_WARN_64_TO_32_BIT_CONVERSION = YES;
				GCC_WARN_ABOUT_RETURN_TYPE = YES_ERROR;
				GCC_WARN_UNDECLARED_SELECTOR = YES;
				GCC_WARN_UNINITIALIZED_AUTOS = YES_AGGRESSIVE;
				GCC_WARN_UNUSED_FUNCTION = YES;
				GCC_WARN_UNUSED_VARIABLE = YES;
				IPHONEOS_DEPLOYMENT_TARGET = 10.2;
				MTL_ENABLE_DEBUG_INFO = NO;
				SDKROOT = iphoneos;
				SWIFT_OPTIMIZATION_LEVEL = "-Owholemodule";
				VALIDATE_PRODUCT = YES;
			};
			name = Release;
		};
		160D9B301E0B5C0D00801627 /* Debug */ = {
			isa = XCBuildConfiguration;
			baseConfigurationReference = F766E4B10DB4A79B8120E9B5 /* Pods-C7FIT.debug.xcconfig */;
			buildSettings = {
				ALWAYS_EMBED_SWIFT_STANDARD_LIBRARIES = YES;
				ASSETCATALOG_COMPILER_APPICON_NAME = AppIcon;
				ASSETCATALOG_COMPILER_LAUNCHIMAGE_NAME = LaunchImage;
				CODE_SIGN_ENTITLEMENTS = C7FIT/C7FIT.entitlements;
				"CODE_SIGN_IDENTITY[sdk=iphoneos*]" = "iPhone Developer";
				DEVELOPMENT_TEAM = 27G39RU5P8;
				INFOPLIST_FILE = C7FIT/Info.plist;
				LD_RUNPATH_SEARCH_PATHS = "$(inherited) @executable_path/Frameworks";
				PRODUCT_BUNDLE_IDENTIFIER = com.ClubSevenFitnessTest2.C7FIT;
				PRODUCT_NAME = "$(TARGET_NAME)";
				SWIFT_VERSION = 3.0;
			};
			name = Debug;
		};
		160D9B311E0B5C0D00801627 /* Release */ = {
			isa = XCBuildConfiguration;
			baseConfigurationReference = F464551DBAC59E09F9A579D3 /* Pods-C7FIT.release.xcconfig */;
			buildSettings = {
				ALWAYS_EMBED_SWIFT_STANDARD_LIBRARIES = YES;
				ASSETCATALOG_COMPILER_APPICON_NAME = AppIcon;
				ASSETCATALOG_COMPILER_LAUNCHIMAGE_NAME = LaunchImage;
				CODE_SIGN_ENTITLEMENTS = C7FIT/C7FIT.entitlements;
				"CODE_SIGN_IDENTITY[sdk=iphoneos*]" = "iPhone Developer";
				DEVELOPMENT_TEAM = 27G39RU5P8;
				INFOPLIST_FILE = C7FIT/Info.plist;
				LD_RUNPATH_SEARCH_PATHS = "$(inherited) @executable_path/Frameworks";
				PRODUCT_BUNDLE_IDENTIFIER = com.ClubSevenFitnessTest2.C7FIT;
				PRODUCT_NAME = "$(TARGET_NAME)";
				SWIFT_VERSION = 3.0;
			};
			name = Release;
		};
		160D9B331E0B5C0D00801627 /* Debug */ = {
			isa = XCBuildConfiguration;
			baseConfigurationReference = 6F1638978FFA2B1F2F25C7A2 /* Pods-C7FITTests.debug.xcconfig */;
			buildSettings = {
				ALWAYS_EMBED_SWIFT_STANDARD_LIBRARIES = "$(inherited)";
				BUNDLE_LOADER = "$(TEST_HOST)";
				INFOPLIST_FILE = C7FITTests/Info.plist;
				LD_RUNPATH_SEARCH_PATHS = "$(inherited) @executable_path/Frameworks @loader_path/Frameworks";
				PRODUCT_BUNDLE_IDENTIFIER = com.ClubSevenFitness.C7FITTests;
				PRODUCT_NAME = "$(TARGET_NAME)";
				SWIFT_VERSION = 3.0;
				TEST_HOST = "$(BUILT_PRODUCTS_DIR)/C7FIT.app/C7FIT";
			};
			name = Debug;
		};
		160D9B341E0B5C0D00801627 /* Release */ = {
			isa = XCBuildConfiguration;
			baseConfigurationReference = C9EF0CEA2106516B1ECAAB5E /* Pods-C7FITTests.release.xcconfig */;
			buildSettings = {
				ALWAYS_EMBED_SWIFT_STANDARD_LIBRARIES = "$(inherited)";
				BUNDLE_LOADER = "$(TEST_HOST)";
				INFOPLIST_FILE = C7FITTests/Info.plist;
				LD_RUNPATH_SEARCH_PATHS = "$(inherited) @executable_path/Frameworks @loader_path/Frameworks";
				PRODUCT_BUNDLE_IDENTIFIER = com.ClubSevenFitness.C7FITTests;
				PRODUCT_NAME = "$(TARGET_NAME)";
				SWIFT_VERSION = 3.0;
				TEST_HOST = "$(BUILT_PRODUCTS_DIR)/C7FIT.app/C7FIT";
			};
			name = Release;
		};
		160D9B361E0B5C0D00801627 /* Debug */ = {
			isa = XCBuildConfiguration;
			buildSettings = {
				ALWAYS_EMBED_SWIFT_STANDARD_LIBRARIES = YES;
				INFOPLIST_FILE = C7FITUITests/Info.plist;
				LD_RUNPATH_SEARCH_PATHS = "$(inherited) @executable_path/Frameworks @loader_path/Frameworks";
				PRODUCT_BUNDLE_IDENTIFIER = com.ClubSevenFitness.C7FITUITests;
				PRODUCT_NAME = "$(TARGET_NAME)";
				SWIFT_VERSION = 3.0;
				TEST_TARGET_NAME = C7FIT;
			};
			name = Debug;
		};
		160D9B371E0B5C0D00801627 /* Release */ = {
			isa = XCBuildConfiguration;
			buildSettings = {
				ALWAYS_EMBED_SWIFT_STANDARD_LIBRARIES = YES;
				INFOPLIST_FILE = C7FITUITests/Info.plist;
				LD_RUNPATH_SEARCH_PATHS = "$(inherited) @executable_path/Frameworks @loader_path/Frameworks";
				PRODUCT_BUNDLE_IDENTIFIER = com.ClubSevenFitness.C7FITUITests;
				PRODUCT_NAME = "$(TARGET_NAME)";
				SWIFT_VERSION = 3.0;
				TEST_TARGET_NAME = C7FIT;
			};
			name = Release;
		};
/* End XCBuildConfiguration section */

/* Begin XCConfigurationList section */
		160D9B021E0B5C0D00801627 /* Build configuration list for PBXProject "C7FIT" */ = {
			isa = XCConfigurationList;
			buildConfigurations = (
				160D9B2D1E0B5C0D00801627 /* Debug */,
				160D9B2E1E0B5C0D00801627 /* Release */,
			);
			defaultConfigurationIsVisible = 0;
			defaultConfigurationName = Release;
		};
		160D9B2F1E0B5C0D00801627 /* Build configuration list for PBXNativeTarget "C7FIT" */ = {
			isa = XCConfigurationList;
			buildConfigurations = (
				160D9B301E0B5C0D00801627 /* Debug */,
				160D9B311E0B5C0D00801627 /* Release */,
			);
			defaultConfigurationIsVisible = 0;
			defaultConfigurationName = Release;
		};
		160D9B321E0B5C0D00801627 /* Build configuration list for PBXNativeTarget "C7FITTests" */ = {
			isa = XCConfigurationList;
			buildConfigurations = (
				160D9B331E0B5C0D00801627 /* Debug */,
				160D9B341E0B5C0D00801627 /* Release */,
			);
			defaultConfigurationIsVisible = 0;
			defaultConfigurationName = Release;
		};
		160D9B351E0B5C0D00801627 /* Build configuration list for PBXNativeTarget "C7FITUITests" */ = {
			isa = XCConfigurationList;
			buildConfigurations = (
				160D9B361E0B5C0D00801627 /* Debug */,
				160D9B371E0B5C0D00801627 /* Release */,
			);
			defaultConfigurationIsVisible = 0;
			defaultConfigurationName = Release;
		};
/* End XCConfigurationList section */
	};
	rootObject = 160D9AFF1E0B5C0D00801627 /* Project object */;
}
